
Microsoft Visual Studio Solution File, Format Version 12.00
# Visual Studio 15
VisualStudioVersion = 15.0.27004.2005
MinimumVisualStudioVersion = 10.0.40219.1
Project("{9A19103F-16F7-4668-BE54-9A1E7A4F7556}") = "SimpleMvc.Framework", "SimpleMvc.Framework\SimpleMvc.Framework.csproj", "{CC2E0567-0B1E-46D6-B06D-BE662260D137}"
EndProject
Project("{9A19103F-16F7-4668-BE54-9A1E7A4F7556}") = "WebServer", "WebServer\WebServer.csproj", "{537B17DC-C5A8-4F13-9D20-A2B15F069B14}"
EndProject
Project("{9A19103F-16F7-4668-BE54-9A1E7A4F7556}") = "SimpleMvc.App", "SimpleMvc.App\SimpleMvc.App.csproj", "{93B9A8D3-EFE1-4F2E-B2C7-B507CFF7C715}"
EndProject
Project("{9A19103F-16F7-4668-BE54-9A1E7A4F7556}") = "SimpleMvc.Data", "SimpleMvc.Data\SimpleMvc.Data.csproj", "{68BF9005-64AF-4889-9BD9-AAAAAA43DB55}"
EndProject
Project("{9A19103F-16F7-4668-BE54-9A1E7A4F7556}") = "SimpleMvc.Domain", "SimpleMvc.Domain\SimpleMvc.Domain.csproj", "{777BE02C-E9A3-4F9B-ACBE-0DF1EAD3F888}"
EndProject
Global
	GlobalSection(SolutionConfigurationPlatforms) = preSolution
		Debug|Any CPU = Debug|Any CPU
		Release|Any CPU = Release|Any CPU
	EndGlobalSection
	GlobalSection(ProjectConfigurationPlatforms) = postSolution
		{CC2E0567-0B1E-46D6-B06D-BE662260D137}.Debug|Any CPU.ActiveCfg = Debug|Any CPU
		{CC2E0567-0B1E-46D6-B06D-BE662260D137}.Debug|Any CPU.Build.0 = Debug|Any CPU
		{CC2E0567-0B1E-46D6-B06D-BE662260D137}.Release|Any CPU.ActiveCfg = Release|Any CPU
		{CC2E0567-0B1E-46D6-B06D-BE662260D137}.Release|Any CPU.Build.0 = Release|Any CPU
		{537B17DC-C5A8-4F13-9D20-A2B15F069B14}.Debug|Any CPU.ActiveCfg = Debug|Any CPU
		{537B17DC-C5A8-4F13-9D20-A2B15F069B14}.Debug|Any CPU.Build.0 = Debug|Any CPU
		{537B17DC-C5A8-4F13-9D20-A2B15F069B14}.Release|Any CPU.ActiveCfg = Release|Any CPU
		{537B17DC-C5A8-4F13-9D20-A2B15F069B14}.Release|Any CPU.Build.0 = Release|Any CPU
		{93B9A8D3-EFE1-4F2E-B2C7-B507CFF7C715}.Debug|Any CPU.ActiveCfg = Debug|Any CPU
		{93B9A8D3-EFE1-4F2E-B2C7-B507CFF7C715}.Debug|Any CPU.Build.0 = Debug|Any CPU
		{93B9A8D3-EFE1-4F2E-B2C7-B507CFF7C715}.Release|Any CPU.ActiveCfg = Release|Any CPU
		{93B9A8D3-EFE1-4F2E-B2C7-B507CFF7C715}.Release|Any CPU.Build.0 = Release|Any CPU
		{68BF9005-64AF-4889-9BD9-AAAAAA43DB55}.Debug|Any CPU.ActiveCfg = Debug|Any CPU
		{68BF9005-64AF-4889-9BD9-AAAAAA43DB55}.Debug|Any CPU.Build.0 = Debug|Any CPU
		{68BF9005-64AF-4889-9BD9-AAAAAA43DB55}.Release|Any CPU.ActiveCfg = Release|Any CPU
		{68BF9005-64AF-4889-9BD9-AAAAAA43DB55}.Release|Any CPU.Build.0 = Release|Any CPU
		{777BE02C-E9A3-4F9B-ACBE-0DF1EAD3F888}.Debug|Any CPU.ActiveCfg = Debug|Any CPU
		{777BE02C-E9A3-4F9B-ACBE-0DF1EAD3F888}.Debug|Any CPU.Build.0 = Debug|Any CPU
		{777BE02C-E9A3-4F9B-ACBE-0DF1EAD3F888}.Release|Any CPU.ActiveCfg = Release|Any CPU
		{777BE02C-E9A3-4F9B-ACBE-0DF1EAD3F888}.Release|Any CPU.Build.0 = Release|Any CPU
	EndGlobalSection
	GlobalSection(SolutionProperties) = preSolution
		HideSolutionNode = FALSE
	EndGlobalSection
	GlobalSection(ExtensibilityGlobals) = postSolution
		SolutionGuid = {3ABA898C-743A-4BCB-94FE-871C34896B4B}
	EndGlobalSection
EndGlobal
