
Microsoft Visual Studio Solution File, Format Version 12.00
# Visual Studio 15
VisualStudioVersion = 15.0.27004.2005
MinimumVisualStudioVersion = 10.0.40219.1
Project("{9A19103F-16F7-4668-BE54-9A1E7A4F7556}") = "SimpleMvc.Framework", "SimpleMvc.Framework\SimpleMvc.Framework.csproj", "{CAC230CC-6D0E-4962-94D2-9735CDB54225}"
EndProject
Project("{9A19103F-16F7-4668-BE54-9A1E7A4F7556}") = "WebServer", "WebServer\WebServer.csproj", "{A30BBF98-D336-49B4-9D37-3F413CBA71D5}"
EndProject
Project("{9A19103F-16F7-4668-BE54-9A1E7A4F7556}") = "SimpleMvc.App", "SimpleMvc.App\SimpleMvc.App.csproj", "{481F9E8D-EFF5-4062-925E-A36082AFEA88}"
EndProject
Project("{FAE04EC0-301F-11D3-BF4B-00C04F79EFBC}") = "SimpleMvc.Data", "SimpleMvc.Data\SimpleMvc.Data.csproj", "{ADDF3056-E961-49FD-AA60-DD3D6F495CB3}"
EndProject
Project("{FAE04EC0-301F-11D3-BF4B-00C04F79EFBC}") = "SimpleMvc.Domain", "SimpleMvc.Domain\SimpleMvc.Domain.csproj", "{84C4CCF7-BFE2-473A-9A64-AF7CA22B771C}"
EndProject
Global
	GlobalSection(SolutionConfigurationPlatforms) = preSolution
		Debug|Any CPU = Debug|Any CPU
		Release|Any CPU = Release|Any CPU
	EndGlobalSection
	GlobalSection(ProjectConfigurationPlatforms) = postSolution
		{CAC230CC-6D0E-4962-94D2-9735CDB54225}.Debug|Any CPU.ActiveCfg = Debug|Any CPU
		{CAC230CC-6D0E-4962-94D2-9735CDB54225}.Debug|Any CPU.Build.0 = Debug|Any CPU
		{CAC230CC-6D0E-4962-94D2-9735CDB54225}.Release|Any CPU.ActiveCfg = Release|Any CPU
		{CAC230CC-6D0E-4962-94D2-9735CDB54225}.Release|Any CPU.Build.0 = Release|Any CPU
		{A30BBF98-D336-49B4-9D37-3F413CBA71D5}.Debug|Any CPU.ActiveCfg = Debug|Any CPU
		{A30BBF98-D336-49B4-9D37-3F413CBA71D5}.Debug|Any CPU.Build.0 = Debug|Any CPU
		{A30BBF98-D336-49B4-9D37-3F413CBA71D5}.Release|Any CPU.ActiveCfg = Release|Any CPU
		{A30BBF98-D336-49B4-9D37-3F413CBA71D5}.Release|Any CPU.Build.0 = Release|Any CPU
		{481F9E8D-EFF5-4062-925E-A36082AFEA88}.Debug|Any CPU.ActiveCfg = Debug|Any CPU
		{481F9E8D-EFF5-4062-925E-A36082AFEA88}.Debug|Any CPU.Build.0 = Debug|Any CPU
		{481F9E8D-EFF5-4062-925E-A36082AFEA88}.Release|Any CPU.ActiveCfg = Release|Any CPU
		{481F9E8D-EFF5-4062-925E-A36082AFEA88}.Release|Any CPU.Build.0 = Release|Any CPU
		{ADDF3056-E961-49FD-AA60-DD3D6F495CB3}.Debug|Any CPU.ActiveCfg = Debug|Any CPU
		{ADDF3056-E961-49FD-AA60-DD3D6F495CB3}.Debug|Any CPU.Build.0 = Debug|Any CPU
		{ADDF3056-E961-49FD-AA60-DD3D6F495CB3}.Release|Any CPU.ActiveCfg = Release|Any CPU
		{ADDF3056-E961-49FD-AA60-DD3D6F495CB3}.Release|Any CPU.Build.0 = Release|Any CPU
		{84C4CCF7-BFE2-473A-9A64-AF7CA22B771C}.Debug|Any CPU.ActiveCfg = Debug|Any CPU
		{84C4CCF7-BFE2-473A-9A64-AF7CA22B771C}.Debug|Any CPU.Build.0 = Debug|Any CPU
		{84C4CCF7-BFE2-473A-9A64-AF7CA22B771C}.Release|Any CPU.ActiveCfg = Release|Any CPU
		{84C4CCF7-BFE2-473A-9A64-AF7CA22B771C}.Release|Any CPU.Build.0 = Release|Any CPU
	EndGlobalSection
	GlobalSection(SolutionProperties) = preSolution
		HideSolutionNode = FALSE
	EndGlobalSection
	GlobalSection(ExtensibilityGlobals) = postSolution
		SolutionGuid = {3ABA898C-743A-4BCB-94FE-871C34896B4B}
	EndGlobalSection
EndGlobal
