
Microsoft Visual Studio Solution File, Format Version 12.00
# Visual Studio 15
VisualStudioVersion = 15.0.26730.16
MinimumVisualStudioVersion = 10.0.40219.1
Project("{FAE04EC0-301F-11D3-BF4B-00C04F79EFBC}") = "BankSystem.Client", "BankSystem.Client\BankSystem.Client.csproj", "{FADCC2C6-8B06-4777-B110-B763A2091B7B}"
EndProject
Project("{FAE04EC0-301F-11D3-BF4B-00C04F79EFBC}") = "BankSystem.Data", "BankSystem.Data\BankSystem.Data.csproj", "{295EB015-43EA-4DEA-A1AE-87061C645756}"
EndProject
Project("{FAE04EC0-301F-11D3-BF4B-00C04F79EFBC}") = "BankSystem.Models", "BankSystem.Models\BankSystem.Models.csproj", "{0991D27D-55B7-43D5-9037-1E325091243B}"
EndProject
Global
	GlobalSection(SolutionConfigurationPlatforms) = preSolution
		Debug|Any CPU = Debug|Any CPU
		Release|Any CPU = Release|Any CPU
	EndGlobalSection
	GlobalSection(ProjectConfigurationPlatforms) = postSolution
		{FADCC2C6-8B06-4777-B110-B763A2091B7B}.Debug|Any CPU.ActiveCfg = Debug|Any CPU
		{FADCC2C6-8B06-4777-B110-B763A2091B7B}.Debug|Any CPU.Build.0 = Debug|Any CPU
		{FADCC2C6-8B06-4777-B110-B763A2091B7B}.Release|Any CPU.ActiveCfg = Release|Any CPU
		{FADCC2C6-8B06-4777-B110-B763A2091B7B}.Release|Any CPU.Build.0 = Release|Any CPU
		{295EB015-43EA-4DEA-A1AE-87061C645756}.Debug|Any CPU.ActiveCfg = Debug|Any CPU
		{295EB015-43EA-4DEA-A1AE-87061C645756}.Debug|Any CPU.Build.0 = Debug|Any CPU
		{295EB015-43EA-4DEA-A1AE-87061C645756}.Release|Any CPU.ActiveCfg = Release|Any CPU
		{295EB015-43EA-4DEA-A1AE-87061C645756}.Release|Any CPU.Build.0 = Release|Any CPU
		{0991D27D-55B7-43D5-9037-1E325091243B}.Debug|Any CPU.ActiveCfg = Debug|Any CPU
		{0991D27D-55B7-43D5-9037-1E325091243B}.Debug|Any CPU.Build.0 = Debug|Any CPU
		{0991D27D-55B7-43D5-9037-1E325091243B}.Release|Any CPU.ActiveCfg = Release|Any CPU
		{0991D27D-55B7-43D5-9037-1E325091243B}.Release|Any CPU.Build.0 = Release|Any CPU
	EndGlobalSection
	GlobalSection(SolutionProperties) = preSolution
		HideSolutionNode = FALSE
	EndGlobalSection
	GlobalSection(ExtensibilityGlobals) = postSolution
		SolutionGuid = {D7E4D711-A087-4767-B590-747A3D3B5FD6}
	EndGlobalSection
EndGlobal
