
Microsoft Visual Studio Solution File, Format Version 12.00
# Visual Studio 15
VisualStudioVersion = 15.0.26730.16
MinimumVisualStudioVersion = 10.0.40219.1
Project("{FAE04EC0-301F-11D3-BF4B-00C04F79EFBC}") = "FootballBetting.Client", "FootballBetting.Client\FootballBetting.Client.csproj", "{44B5CAE7-80A4-4AB8-AAB5-8307301B41BE}"
EndProject
Project("{FAE04EC0-301F-11D3-BF4B-00C04F79EFBC}") = "FootballBetting.Data", "FootballBetting.Data\FootballBetting.Data.csproj", "{DA556E60-7CA9-498E-941D-7B6B43FCC572}"
EndProject
Project("{FAE04EC0-301F-11D3-BF4B-00C04F79EFBC}") = "FootballBetting.Models", "FootballBetting.Models\FootballBetting.Models.csproj", "{3B7CFEA1-9603-485E-81B4-53367C4F8658}"
EndProject
Global
	GlobalSection(SolutionConfigurationPlatforms) = preSolution
		Debug|Any CPU = Debug|Any CPU
		Release|Any CPU = Release|Any CPU
	EndGlobalSection
	GlobalSection(ProjectConfigurationPlatforms) = postSolution
		{44B5CAE7-80A4-4AB8-AAB5-8307301B41BE}.Debug|Any CPU.ActiveCfg = Debug|Any CPU
		{44B5CAE7-80A4-4AB8-AAB5-8307301B41BE}.Debug|Any CPU.Build.0 = Debug|Any CPU
		{44B5CAE7-80A4-4AB8-AAB5-8307301B41BE}.Release|Any CPU.ActiveCfg = Release|Any CPU
		{44B5CAE7-80A4-4AB8-AAB5-8307301B41BE}.Release|Any CPU.Build.0 = Release|Any CPU
		{DA556E60-7CA9-498E-941D-7B6B43FCC572}.Debug|Any CPU.ActiveCfg = Debug|Any CPU
		{DA556E60-7CA9-498E-941D-7B6B43FCC572}.Debug|Any CPU.Build.0 = Debug|Any CPU
		{DA556E60-7CA9-498E-941D-7B6B43FCC572}.Release|Any CPU.ActiveCfg = Release|Any CPU
		{DA556E60-7CA9-498E-941D-7B6B43FCC572}.Release|Any CPU.Build.0 = Release|Any CPU
		{3B7CFEA1-9603-485E-81B4-53367C4F8658}.Debug|Any CPU.ActiveCfg = Debug|Any CPU
		{3B7CFEA1-9603-485E-81B4-53367C4F8658}.Debug|Any CPU.Build.0 = Debug|Any CPU
		{3B7CFEA1-9603-485E-81B4-53367C4F8658}.Release|Any CPU.ActiveCfg = Release|Any CPU
		{3B7CFEA1-9603-485E-81B4-53367C4F8658}.Release|Any CPU.Build.0 = Release|Any CPU
	EndGlobalSection
	GlobalSection(SolutionProperties) = preSolution
		HideSolutionNode = FALSE
	EndGlobalSection
	GlobalSection(ExtensibilityGlobals) = postSolution
		SolutionGuid = {C074FFDE-D731-4C65-8628-92EA82F36362}
	EndGlobalSection
EndGlobal
